{
	"name": "mfe1",
	"version": "1.0.0",
	"lockfileVersion": 1,
	"requires": true,
	"dependencies": {
		"@npmcli/move-file": {
			"version": "1.0.1",
			"resolved": "https://registry.npmjs.org/@npmcli/move-file/-/move-file-1.0.1.tgz",
			"integrity": "sha512-Uv6h1sT+0DrblvIrolFtbvM1FgWm+/sy4B3pvLp67Zys+thcukzS5ekn7HsZFGpWP4Q3fYJCljbWQE/XivMRLw==",
			"requires": {
				"mkdirp": "^1.0.4"
			}
		},
		"@types/estree": {
			"version": "0.0.45",
			"resolved": "https://registry.npmjs.org/@types/estree/-/estree-0.0.45.tgz",
			"integrity": "sha512-jnqIUKDUqJbDIUxm0Uj7bnlMnRm1T/eZ9N+AVMqhPgzrba2GhGG5o/jCTwmdPK709nEZsGoMzXEDUjcXHa3W0g=="
		},
		"@types/json-schema": {
			"version": "7.0.5",
			"resolved": "https://registry.npmjs.org/@types/json-schema/-/json-schema-7.0.5.tgz",
			"integrity": "sha512-7+2BITlgjgDhH0vvwZU/HZJVyk+2XUlvxXe8dFMedNX/aMkaOq++rMAFXc0tM7ij15QaWlbdQASBR9dihi+bDQ=="
		},
		"@types/node": {
			"version": "14.0.27",
			"resolved": "https://registry.npmjs.org/@types/node/-/node-14.0.27.tgz",
			"integrity": "sha512-kVrqXhbclHNHGu9ztnAwSncIgJv/FaxmzXJvGXNdcCpV1b8u1/Mi6z6m0vwy0LzKeXFTPLH0NzwmoJ3fNCIq0g=="
		},
		"@webassemblyjs/ast": {
			"version": "1.9.0",
			"resolved": "https://registry.npmjs.org/@webassemblyjs/ast/-/ast-1.9.0.tgz",
			"integrity": "sha512-C6wW5L+b7ogSDVqymbkkvuW9kruN//YisMED04xzeBBqjHa2FYnmvOlS6Xj68xWQRgWvI9cIglsjFowH/RJyEA==",
			"requires": {
				"@webassemblyjs/helper-module-context": "1.9.0",
				"@webassemblyjs/helper-wasm-bytecode": "1.9.0",
				"@webassemblyjs/wast-parser": "1.9.0"
			}
		},
		"@webassemblyjs/floating-point-hex-parser": {
			"version": "1.9.0",
			"resolved": "https://registry.npmjs.org/@webassemblyjs/floating-point-hex-parser/-/floating-point-hex-parser-1.9.0.tgz",
			"integrity": "sha512-TG5qcFsS8QB4g4MhrxK5TqfdNe7Ey/7YL/xN+36rRjl/BlGE/NcBvJcqsRgCP6Z92mRE+7N50pRIi8SmKUbcQA=="
		},
		"@webassemblyjs/helper-api-error": {
			"version": "1.9.0",
			"resolved": "https://registry.npmjs.org/@webassemblyjs/helper-api-error/-/helper-api-error-1.9.0.tgz",
			"integrity": "sha512-NcMLjoFMXpsASZFxJ5h2HZRcEhDkvnNFOAKneP5RbKRzaWJN36NC4jqQHKwStIhGXu5mUWlUUk7ygdtrO8lbmw=="
		},
		"@webassemblyjs/helper-buffer": {
			"version": "1.9.0",
			"resolved": "https://registry.npmjs.org/@webassemblyjs/helper-buffer/-/helper-buffer-1.9.0.tgz",
			"integrity": "sha512-qZol43oqhq6yBPx7YM3m9Bv7WMV9Eevj6kMi6InKOuZxhw+q9hOkvq5e/PpKSiLfyetpaBnogSbNCfBwyB00CA=="
		},
		"@webassemblyjs/helper-code-frame": {
			"version": "1.9.0",
			"resolved": "https://registry.npmjs.org/@webassemblyjs/helper-code-frame/-/helper-code-frame-1.9.0.tgz",
			"integrity": "sha512-ERCYdJBkD9Vu4vtjUYe8LZruWuNIToYq/ME22igL+2vj2dQ2OOujIZr3MEFvfEaqKoVqpsFKAGsRdBSBjrIvZA==",
			"requires": {
				"@webassemblyjs/wast-printer": "1.9.0"
			}
		},
		"@webassemblyjs/helper-fsm": {
			"version": "1.9.0",
			"resolved": "https://registry.npmjs.org/@webassemblyjs/helper-fsm/-/helper-fsm-1.9.0.tgz",
			"integrity": "sha512-OPRowhGbshCb5PxJ8LocpdX9Kl0uB4XsAjl6jH/dWKlk/mzsANvhwbiULsaiqT5GZGT9qinTICdj6PLuM5gslw=="
		},
		"@webassemblyjs/helper-module-context": {
			"version": "1.9.0",
			"resolved": "https://registry.npmjs.org/@webassemblyjs/helper-module-context/-/helper-module-context-1.9.0.tgz",
			"integrity": "sha512-MJCW8iGC08tMk2enck1aPW+BE5Cw8/7ph/VGZxwyvGbJwjktKkDK7vy7gAmMDx88D7mhDTCNKAW5tED+gZ0W8g==",
			"requires": {
				"@webassemblyjs/ast": "1.9.0"
			}
		},
		"@webassemblyjs/helper-wasm-bytecode": {
			"version": "1.9.0",
			"resolved": "https://registry.npmjs.org/@webassemblyjs/helper-wasm-bytecode/-/helper-wasm-bytecode-1.9.0.tgz",
			"integrity": "sha512-R7FStIzyNcd7xKxCZH5lE0Bqy+hGTwS3LJjuv1ZVxd9O7eHCedSdrId/hMOd20I+v8wDXEn+bjfKDLzTepoaUw=="
		},
		"@webassemblyjs/helper-wasm-section": {
			"version": "1.9.0",
			"resolved": "https://registry.npmjs.org/@webassemblyjs/helper-wasm-section/-/helper-wasm-section-1.9.0.tgz",
			"integrity": "sha512-XnMB8l3ek4tvrKUUku+IVaXNHz2YsJyOOmz+MMkZvh8h1uSJpSen6vYnw3IoQ7WwEuAhL8Efjms1ZWjqh2agvw==",
			"requires": {
				"@webassemblyjs/ast": "1.9.0",
				"@webassemblyjs/helper-buffer": "1.9.0",
				"@webassemblyjs/helper-wasm-bytecode": "1.9.0",
				"@webassemblyjs/wasm-gen": "1.9.0"
			}
		},
		"@webassemblyjs/ieee754": {
			"version": "1.9.0",
			"resolved": "https://registry.npmjs.org/@webassemblyjs/ieee754/-/ieee754-1.9.0.tgz",
			"integrity": "sha512-dcX8JuYU/gvymzIHc9DgxTzUUTLexWwt8uCTWP3otys596io0L5aW02Gb1RjYpx2+0Jus1h4ZFqjla7umFniTg==",
			"requires": {
				"@xtuc/ieee754": "^1.2.0"
			}
		},
		"@webassemblyjs/leb128": {
			"version": "1.9.0",
			"resolved": "https://registry.npmjs.org/@webassemblyjs/leb128/-/leb128-1.9.0.tgz",
			"integrity": "sha512-ENVzM5VwV1ojs9jam6vPys97B/S65YQtv/aanqnU7D8aSoHFX8GyhGg0CMfyKNIHBuAVjy3tlzd5QMMINa7wpw==",
			"requires": {
				"@xtuc/long": "4.2.2"
			}
		},
		"@webassemblyjs/utf8": {
			"version": "1.9.0",
			"resolved": "https://registry.npmjs.org/@webassemblyjs/utf8/-/utf8-1.9.0.tgz",
			"integrity": "sha512-GZbQlWtopBTP0u7cHrEx+73yZKrQoBMpwkGEIqlacljhXCkVM1kMQge/Mf+csMJAjEdSwhOyLAS0AoR3AG5P8w=="
		},
		"@webassemblyjs/wasm-edit": {
			"version": "1.9.0",
			"resolved": "https://registry.npmjs.org/@webassemblyjs/wasm-edit/-/wasm-edit-1.9.0.tgz",
			"integrity": "sha512-FgHzBm80uwz5M8WKnMTn6j/sVbqilPdQXTWraSjBwFXSYGirpkSWE2R9Qvz9tNiTKQvoKILpCuTjBKzOIm0nxw==",
			"requires": {
				"@webassemblyjs/ast": "1.9.0",
				"@webassemblyjs/helper-buffer": "1.9.0",
				"@webassemblyjs/helper-wasm-bytecode": "1.9.0",
				"@webassemblyjs/helper-wasm-section": "1.9.0",
				"@webassemblyjs/wasm-gen": "1.9.0",
				"@webassemblyjs/wasm-opt": "1.9.0",
				"@webassemblyjs/wasm-parser": "1.9.0",
				"@webassemblyjs/wast-printer": "1.9.0"
			}
		},
		"@webassemblyjs/wasm-gen": {
			"version": "1.9.0",
			"resolved": "https://registry.npmjs.org/@webassemblyjs/wasm-gen/-/wasm-gen-1.9.0.tgz",
			"integrity": "sha512-cPE3o44YzOOHvlsb4+E9qSqjc9Qf9Na1OO/BHFy4OI91XDE14MjFN4lTMezzaIWdPqHnsTodGGNP+iRSYfGkjA==",
			"requires": {
				"@webassemblyjs/ast": "1.9.0",
				"@webassemblyjs/helper-wasm-bytecode": "1.9.0",
				"@webassemblyjs/ieee754": "1.9.0",
				"@webassemblyjs/leb128": "1.9.0",
				"@webassemblyjs/utf8": "1.9.0"
			}
		},
		"@webassemblyjs/wasm-opt": {
			"version": "1.9.0",
			"resolved": "https://registry.npmjs.org/@webassemblyjs/wasm-opt/-/wasm-opt-1.9.0.tgz",
			"integrity": "sha512-Qkjgm6Anhm+OMbIL0iokO7meajkzQD71ioelnfPEj6r4eOFuqm4YC3VBPqXjFyyNwowzbMD+hizmprP/Fwkl2A==",
			"requires": {
				"@webassemblyjs/ast": "1.9.0",
				"@webassemblyjs/helper-buffer": "1.9.0",
				"@webassemblyjs/wasm-gen": "1.9.0",
				"@webassemblyjs/wasm-parser": "1.9.0"
			}
		},
		"@webassemblyjs/wasm-parser": {
			"version": "1.9.0",
			"resolved": "https://registry.npmjs.org/@webassemblyjs/wasm-parser/-/wasm-parser-1.9.0.tgz",
			"integrity": "sha512-9+wkMowR2AmdSWQzsPEjFU7njh8HTO5MqO8vjwEHuM+AMHioNqSBONRdr0NQQ3dVQrzp0s8lTcYqzUdb7YgELA==",
			"requires": {
				"@webassemblyjs/ast": "1.9.0",
				"@webassemblyjs/helper-api-error": "1.9.0",
				"@webassemblyjs/helper-wasm-bytecode": "1.9.0",
				"@webassemblyjs/ieee754": "1.9.0",
				"@webassemblyjs/leb128": "1.9.0",
				"@webassemblyjs/utf8": "1.9.0"
			}
		},
		"@webassemblyjs/wast-parser": {
			"version": "1.9.0",
			"resolved": "https://registry.npmjs.org/@webassemblyjs/wast-parser/-/wast-parser-1.9.0.tgz",
			"integrity": "sha512-qsqSAP3QQ3LyZjNC/0jBJ/ToSxfYJ8kYyuiGvtn/8MK89VrNEfwj7BPQzJVHi0jGTRK2dGdJ5PRqhtjzoww+bw==",
			"requires": {
				"@webassemblyjs/ast": "1.9.0",
				"@webassemblyjs/floating-point-hex-parser": "1.9.0",
				"@webassemblyjs/helper-api-error": "1.9.0",
				"@webassemblyjs/helper-code-frame": "1.9.0",
				"@webassemblyjs/helper-fsm": "1.9.0",
				"@xtuc/long": "4.2.2"
			}
		},
		"@webassemblyjs/wast-printer": {
			"version": "1.9.0",
			"resolved": "https://registry.npmjs.org/@webassemblyjs/wast-printer/-/wast-printer-1.9.0.tgz",
			"integrity": "sha512-2J0nE95rHXHyQ24cWjMKJ1tqB/ds8z/cyeOZxJhcb+rW+SQASVjuznUSmdz5GpVJTzU8JkhYut0D3siFDD6wsA==",
			"requires": {
				"@webassemblyjs/ast": "1.9.0",
				"@webassemblyjs/wast-parser": "1.9.0",
				"@xtuc/long": "4.2.2"
			}
		},
		"@xtuc/ieee754": {
			"version": "1.2.0",
			"resolved": "https://registry.npmjs.org/@xtuc/ieee754/-/ieee754-1.2.0.tgz",
			"integrity": "sha512-DX8nKgqcGwsc0eJSqYt5lwP4DH5FlHnmuWWBRy7X0NcaGR0ZtuyeESgMwTYVEtxmsNGY+qit4QYT/MIYTOTPeA=="
		},
		"@xtuc/long": {
			"version": "4.2.2",
			"resolved": "https://registry.npmjs.org/@xtuc/long/-/long-4.2.2.tgz",
			"integrity": "sha512-NuHqBY1PB/D8xU6s/thBgOAiAP7HOYDQ32+BFZILJ8ivkUkAHQnWfn6WhL79Owj1qmUnoN/YPhktdIoucipkAQ=="
		},
		"acorn": {
			"version": "7.3.1",
			"resolved": "https://registry.npmjs.org/acorn/-/acorn-7.3.1.tgz",
			"integrity": "sha512-tLc0wSnatxAQHVHUapaHdz72pi9KUyHjq5KyHjGg9Y8Ifdc79pTh2XvI6I1/chZbnM7QtNKzh66ooDogPZSleA=="
		},
		"aggregate-error": {
			"version": "3.0.1",
			"resolved": "https://registry.npmjs.org/aggregate-error/-/aggregate-error-3.0.1.tgz",
			"integrity": "sha512-quoaXsZ9/BLNae5yiNoUz+Nhkwz83GhWwtYFglcjEQB2NDHCIpApbqXxIFnm4Pq/Nvhrsq5sYJFyohrrxnTGAA==",
			"requires": {
				"clean-stack": "^2.0.0",
				"indent-string": "^4.0.0"
			}
		},
		"ajv": {
			"version": "6.12.3",
			"resolved": "https://registry.npmjs.org/ajv/-/ajv-6.12.3.tgz",
			"integrity": "sha512-4K0cK3L1hsqk9xIb2z9vs/XU+PGJZ9PNpJRDS9YLzmNdX6jmVPfamLvTJr0aDAusnHyCHO6MjzlkAsgtqp9teA==",
			"requires": {
				"fast-deep-equal": "^3.1.1",
				"fast-json-stable-stringify": "^2.0.0",
				"json-schema-traverse": "^0.4.1",
				"uri-js": "^4.2.2"
			}
		},
		"ajv-keywords": {
			"version": "3.5.2",
			"resolved": "https://registry.npmjs.org/ajv-keywords/-/ajv-keywords-3.5.2.tgz",
			"integrity": "sha512-5p6WTN0DdTGVQk6VjcEju19IgaHudalcfabD7yhDGeA6bcQnmL+CpveLJq/3hvfwd1aof6L386Ougkx6RfyMIQ=="
		},
		"balanced-match": {
			"version": "1.0.0",
			"resolved": "https://registry.npmjs.org/balanced-match/-/balanced-match-1.0.0.tgz",
			"integrity": "sha1-ibTRmasr7kneFk6gK4nORi1xt2c="
		},
		"brace-expansion": {
			"version": "1.1.11",
			"resolved": "https://registry.npmjs.org/brace-expansion/-/brace-expansion-1.1.11.tgz",
			"integrity": "sha512-iCuPHDFgrHX7H2vEI/5xpz07zSHB00TpugqhmYtVmMO6518mCuRMoOYFldEBl0g187ufozdaHgWKcYFb61qGiA==",
			"requires": {
				"balanced-match": "^1.0.0",
				"concat-map": "0.0.1"
			}
		},
		"buffer-from": {
			"version": "1.1.1",
			"resolved": "https://registry.npmjs.org/buffer-from/-/buffer-from-1.1.1.tgz",
			"integrity": "sha512-MQcXEUbCKtEo7bhqEs6560Hyd4XaovZlO/k9V3hjVUF/zwW7KBVdSK4gIt/bzwS9MbR5qob+F5jusZsb0YQK2A=="
		},
		"cacache": {
			"version": "15.0.5",
			"resolved": "https://registry.npmjs.org/cacache/-/cacache-15.0.5.tgz",
			"integrity": "sha512-lloiL22n7sOjEEXdL8NAjTgv9a1u43xICE9/203qonkZUCj5X1UEWIdf2/Y0d6QcCtMzbKQyhrcDbdvlZTs/+A==",
			"requires": {
				"@npmcli/move-file": "^1.0.1",
				"chownr": "^2.0.0",
				"fs-minipass": "^2.0.0",
				"glob": "^7.1.4",
				"infer-owner": "^1.0.4",
				"lru-cache": "^6.0.0",
				"minipass": "^3.1.1",
				"minipass-collect": "^1.0.2",
				"minipass-flush": "^1.0.5",
				"minipass-pipeline": "^1.2.2",
				"mkdirp": "^1.0.3",
				"p-map": "^4.0.0",
				"promise-inflight": "^1.0.1",
				"rimraf": "^3.0.2",
				"ssri": "^8.0.0",
				"tar": "^6.0.2",
				"unique-filename": "^1.1.1"
			}
		},
		"chownr": {
			"version": "2.0.0",
			"resolved": "https://registry.npmjs.org/chownr/-/chownr-2.0.0.tgz",
			"integrity": "sha512-bIomtDF5KGpdogkLd9VspvFzk9KfpyyGlS8YFVZl7TGPBHL5snIOnxeshwVgPteQ9b4Eydl+pVbIyE1DcvCWgQ=="
		},
		"chrome-trace-event": {
			"version": "1.0.2",
			"resolved": "https://registry.npmjs.org/chrome-trace-event/-/chrome-trace-event-1.0.2.tgz",
			"integrity": "sha512-9e/zx1jw7B4CO+c/RXoCsfg/x1AfUBioy4owYH0bJprEYAx5hRFLRhWBqHAG57D0ZM4H7vxbP7bPe0VwhQRYDQ==",
			"requires": {
				"tslib": "^1.9.0"
			}
		},
		"clean-stack": {
			"version": "2.2.0",
			"resolved": "https://registry.npmjs.org/clean-stack/-/clean-stack-2.2.0.tgz",
			"integrity": "sha512-4diC9HaTE+KRAMWhDhrGOECgWZxoevMc5TlkObMqNSsVU62PYzXZ/SMTjzyGAFF1YusgxGcSWTEXBhp0CPwQ1A=="
		},
		"commander": {
			"version": "2.20.3",
			"resolved": "https://registry.npmjs.org/commander/-/commander-2.20.3.tgz",
			"integrity": "sha512-GpVkmM8vF2vQUkj2LvZmD35JxeJOLCwJ9cUkugyk2nuhbv3+mJvpLYYt+0+USMxE+oj+ey/lJEnhZw75x/OMcQ=="
		},
		"commondir": {
			"version": "1.0.1",
			"resolved": "https://registry.npmjs.org/commondir/-/commondir-1.0.1.tgz",
			"integrity": "sha1-3dgA2gxmEnOTzKWVDqloo6rxJTs="
		},
		"concat-map": {
			"version": "0.0.1",
			"resolved": "https://registry.npmjs.org/concat-map/-/concat-map-0.0.1.tgz",
			"integrity": "sha1-2Klr13/Wjfd5OnMDajug1UBdR3s="
		},
		"enhanced-resolve": {
			"version": "5.0.0-beta.8",
			"resolved": "https://registry.npmjs.org/enhanced-resolve/-/enhanced-resolve-5.0.0-beta.8.tgz",
			"integrity": "sha512-6MteIR5h29V8UAsBVXkW7P2cAf+5p/c+Gu79xNCpBPt+hgKcJ0vujcX4vAiMGJjyq3SCHaY5N64C8HXwwRS3gQ==",
			"requires": {
				"graceful-fs": "^4.2.0",
				"tapable": "^2.0.0-beta.10"
			}
		},
		"eslint-scope": {
			"version": "5.1.0",
			"resolved": "https://registry.npmjs.org/eslint-scope/-/eslint-scope-5.1.0.tgz",
			"integrity": "sha512-iiGRvtxWqgtx5m8EyQUJihBloE4EnYeGE/bz1wSPwJE6tZuJUtHlhqDM4Xj2ukE8Dyy1+HCZ4hE0fzIVMzb58w==",
			"requires": {
				"esrecurse": "^4.1.0",
				"estraverse": "^4.1.1"
			}
		},
		"esrecurse": {
			"version": "4.2.1",
			"resolved": "https://registry.npmjs.org/esrecurse/-/esrecurse-4.2.1.tgz",
			"integrity": "sha512-64RBB++fIOAXPw3P9cy89qfMlvZEXZkqqJkjqqXIvzP5ezRZjW+lPWjw35UX/3EhUPFYbg5ER4JYgDw4007/DQ==",
			"requires": {
				"estraverse": "^4.1.0"
			}
		},
		"estraverse": {
			"version": "4.3.0",
			"resolved": "https://registry.npmjs.org/estraverse/-/estraverse-4.3.0.tgz",
			"integrity": "sha512-39nnKffWz8xN1BU/2c79n9nB9HDzo0niYUqx6xyqUnyoAnQyyWpOTdZEeiCch8BBu515t4wp9ZmgVfVhn9EBpw=="
		},
		"events": {
			"version": "3.2.0",
			"resolved": "https://registry.npmjs.org/events/-/events-3.2.0.tgz",
			"integrity": "sha512-/46HWwbfCX2xTawVfkKLGxMifJYQBWMwY1mjywRtb4c9x8l5NP3KoJtnIOiL1hfdRkIuYhETxQlo62IF8tcnlg=="
		},
		"fast-deep-equal": {
			"version": "3.1.3",
			"resolved": "https://registry.npmjs.org/fast-deep-equal/-/fast-deep-equal-3.1.3.tgz",
			"integrity": "sha512-f3qQ9oQy9j2AhBe/H9VC91wLmKBCCU/gDOnKNAYG5hswO7BLKj09Hc5HYNz9cGI++xlpDCIgDaitVs03ATR84Q=="
		},
		"fast-json-stable-stringify": {
			"version": "2.1.0",
			"resolved": "https://registry.npmjs.org/fast-json-stable-stringify/-/fast-json-stable-stringify-2.1.0.tgz",
			"integrity": "sha512-lhd/wF+Lk98HZoTCtlVraHtfh5XYijIjalXck7saUtuanSDyLMxnHhSXEDJqHxD7msR8D0uCmqlkwjCV8xvwHw=="
		},
		"find-cache-dir": {
			"version": "3.3.1",
			"resolved": "https://registry.npmjs.org/find-cache-dir/-/find-cache-dir-3.3.1.tgz",
			"integrity": "sha512-t2GDMt3oGC/v+BMwzmllWDuJF/xcDtE5j/fCGbqDD7OLuJkj0cfh1YSA5VKPvwMeLFLNDBkwOKZ2X85jGLVftQ==",
			"requires": {
				"commondir": "^1.0.1",
				"make-dir": "^3.0.2",
				"pkg-dir": "^4.1.0"
			}
		},
		"find-up": {
			"version": "4.1.0",
			"resolved": "https://registry.npmjs.org/find-up/-/find-up-4.1.0.tgz",
			"integrity": "sha512-PpOwAdQ/YlXQ2vj8a3h8IipDuYRi3wceVQQGYWxNINccq40Anw7BlsEXCMbt1Zt+OLA6Fq9suIpIWD0OsnISlw==",
			"requires": {
				"locate-path": "^5.0.0",
				"path-exists": "^4.0.0"
			}
		},
		"fs-minipass": {
			"version": "2.1.0",
			"resolved": "https://registry.npmjs.org/fs-minipass/-/fs-minipass-2.1.0.tgz",
			"integrity": "sha512-V/JgOLFCS+R6Vcq0slCuaeWEdNC3ouDlJMNIsacH2VtALiu9mV4LPrHc5cDl8k5aw6J8jwgWWpiTo5RYhmIzvg==",
			"requires": {
				"minipass": "^3.0.0"
			}
		},
		"fs.realpath": {
			"version": "1.0.0",
			"resolved": "https://registry.npmjs.org/fs.realpath/-/fs.realpath-1.0.0.tgz",
			"integrity": "sha1-FQStJSMVjKpA20onh8sBQRmU6k8="
		},
		"glob": {
			"version": "7.1.6",
			"resolved": "https://registry.npmjs.org/glob/-/glob-7.1.6.tgz",
			"integrity": "sha512-LwaxwyZ72Lk7vZINtNNrywX0ZuLyStrdDtabefZKAY5ZGJhVtgdznluResxNmPitE0SAO+O26sWTHeKSI2wMBA==",
			"requires": {
				"fs.realpath": "^1.0.0",
				"inflight": "^1.0.4",
				"inherits": "2",
				"minimatch": "^3.0.4",
				"once": "^1.3.0",
				"path-is-absolute": "^1.0.0"
			}
		},
		"glob-to-regexp": {
			"version": "0.4.1",
			"resolved": "https://registry.npmjs.org/glob-to-regexp/-/glob-to-regexp-0.4.1.tgz",
			"integrity": "sha512-lkX1HJXwyMcprw/5YUZc2s7DrpAiHB21/V+E1rHUrVNokkvB6bqMzT0VfV6/86ZNabt1k14YOIaT7nDvOX3Iiw=="
		},
		"graceful-fs": {
			"version": "4.2.4",
			"resolved": "https://registry.npmjs.org/graceful-fs/-/graceful-fs-4.2.4.tgz",
			"integrity": "sha512-WjKPNJF79dtJAVniUlGGWHYGz2jWxT6VhN/4m1NdkbZ2nOsEF+cI1Edgql5zCRhs/VsQYRvrXctxktVXZUkixw=="
		},
		"has-flag": {
			"version": "4.0.0",
			"resolved": "https://registry.npmjs.org/has-flag/-/has-flag-4.0.0.tgz",
			"integrity": "sha512-EykJT/Q1KjTWctppgIAgfSO0tKVuZUjhgMr17kqTumMl6Afv3EISleU7qZUzoXDFTAHTDC4NOoG/ZxU3EvlMPQ=="
		},
		"imurmurhash": {
			"version": "0.1.4",
			"resolved": "https://registry.npmjs.org/imurmurhash/-/imurmurhash-0.1.4.tgz",
			"integrity": "sha1-khi5srkoojixPcT7a21XbyMUU+o="
		},
		"indent-string": {
			"version": "4.0.0",
			"resolved": "https://registry.npmjs.org/indent-string/-/indent-string-4.0.0.tgz",
			"integrity": "sha512-EdDDZu4A2OyIK7Lr/2zG+w5jmbuk1DVBnEwREQvBzspBJkCEbRa8GxU1lghYcaGJCnRWibjDXlq779X1/y5xwg=="
		},
		"infer-owner": {
			"version": "1.0.4",
			"resolved": "https://registry.npmjs.org/infer-owner/-/infer-owner-1.0.4.tgz",
			"integrity": "sha512-IClj+Xz94+d7irH5qRyfJonOdfTzuDaifE6ZPWfx0N0+/ATZCbuTPq2prFl526urkQd90WyUKIh1DfBQ2hMz9A=="
		},
		"inflight": {
			"version": "1.0.6",
			"resolved": "https://registry.npmjs.org/inflight/-/inflight-1.0.6.tgz",
			"integrity": "sha1-Sb1jMdfQLQwJvJEKEHW6gWW1bfk=",
			"requires": {
				"once": "^1.3.0",
				"wrappy": "1"
			}
		},
		"inherits": {
			"version": "2.0.4",
			"resolved": "https://registry.npmjs.org/inherits/-/inherits-2.0.4.tgz",
			"integrity": "sha512-k/vGaX4/Yla3WzyMCvTQOXYeIHvqOKtnqBduzTHpzpQZzAskKMhZ2K+EnBiSM9zGSoIFeMpXKxa4dYeZIQqewQ=="
		},
		"jest-worker": {
			"version": "26.2.1",
			"resolved": "https://registry.npmjs.org/jest-worker/-/jest-worker-26.2.1.tgz",
			"integrity": "sha512-+XcGMMJDTeEGncRb5M5Zq9P7K4sQ1sirhjdOxsN1462h6lFo9w59bl2LVQmdGEEeU3m+maZCkS2Tcc9SfCHO4A==",
			"requires": {
				"@types/node": "*",
				"merge-stream": "^2.0.0",
				"supports-color": "^7.0.0"
			}
		},
		"json-parse-better-errors": {
			"version": "1.0.2",
			"resolved": "https://registry.npmjs.org/json-parse-better-errors/-/json-parse-better-errors-1.0.2.tgz",
			"integrity": "sha512-mrqyZKfX5EhL7hvqcV6WG1yYjnjeuYDzDhhcAAUrq8Po85NBQBJP+ZDUT75qZQ98IkUoBqdkExkukOU7Ts2wrw=="
		},
		"json-schema-traverse": {
			"version": "0.4.1",
			"resolved": "https://registry.npmjs.org/json-schema-traverse/-/json-schema-traverse-0.4.1.tgz",
			"integrity": "sha512-xbbCH5dCYU5T8LcEhhuh7HJ88HXuW3qsI3Y0zOZFKfZEHcpWiHU/Jxzk629Brsab/mMiHQti9wMP+845RPe3Vg=="
		},
		"loader-runner": {
			"version": "4.0.0",
			"resolved": "https://registry.npmjs.org/loader-runner/-/loader-runner-4.0.0.tgz",
			"integrity": "sha512-Rqf48ufrr48gFjnaqss04QesoXB7VenbpFFIV/0yOKGnpbejrVlOPqTsoX42FG5goXM5Ixekcs4DqDzHOX2z7Q=="
		},
		"locate-path": {
			"version": "5.0.0",
			"resolved": "https://registry.npmjs.org/locate-path/-/locate-path-5.0.0.tgz",
			"integrity": "sha512-t7hw9pI+WvuwNJXwk5zVHpyhIqzg2qTlklJOf0mVxGSbe3Fp2VieZcduNYjaLDoy6p9uGpQEGWG87WpMKlNq8g==",
			"requires": {
				"p-locate": "^4.1.0"
			}
		},
		"lru-cache": {
			"version": "6.0.0",
			"resolved": "https://registry.npmjs.org/lru-cache/-/lru-cache-6.0.0.tgz",
			"integrity": "sha512-Jo6dJ04CmSjuznwJSS3pUeWmd/H0ffTlkXXgwZi+eq1UCmqQwCh+eLsYOYCwY991i2Fah4h1BEMCx4qThGbsiA==",
			"requires": {
				"yallist": "^4.0.0"
			}
		},
		"make-dir": {
			"version": "3.1.0",
			"resolved": "https://registry.npmjs.org/make-dir/-/make-dir-3.1.0.tgz",
			"integrity": "sha512-g3FeP20LNwhALb/6Cz6Dd4F2ngze0jz7tbzrD2wAV+o9FeNHe4rL+yK2md0J/fiSf1sa1ADhXqi5+oVwOM/eGw==",
			"requires": {
				"semver": "^6.0.0"
			}
		},
		"merge-stream": {
			"version": "2.0.0",
			"resolved": "https://registry.npmjs.org/merge-stream/-/merge-stream-2.0.0.tgz",
			"integrity": "sha512-abv/qOcuPfk3URPfDzmZU1LKmuw8kT+0nIHvKrKgFrwifol/doWcdA4ZqsWQ8ENrFKkd67Mfpo/LovbIUsbt3w=="
		},
		"mime-db": {
			"version": "1.44.0",
			"resolved": "https://registry.npmjs.org/mime-db/-/mime-db-1.44.0.tgz",
			"integrity": "sha512-/NOTfLrsPBVeH7YtFPgsVWveuL+4SjjYxaQ1xtM1KMFj7HdxlBlxeyNLzhyJVx7r4rZGJAZ/6lkKCitSc/Nmpg=="
		},
		"mime-types": {
			"version": "2.1.27",
			"resolved": "https://registry.npmjs.org/mime-types/-/mime-types-2.1.27.tgz",
			"integrity": "sha512-JIhqnCasI9yD+SsmkquHBxTSEuZdQX5BuQnS2Vc7puQQQ+8yiP5AY5uWhpdv4YL4VM5c6iliiYWPgJ/nJQLp7w==",
			"requires": {
				"mime-db": "1.44.0"
			}
		},
		"minimatch": {
			"version": "3.0.4",
			"resolved": "https://registry.npmjs.org/minimatch/-/minimatch-3.0.4.tgz",
			"integrity": "sha512-yJHVQEhyqPLUTgt9B83PXu6W3rx4MvvHvSUvToogpwoGDOUQ+yDrR0HRot+yOCdCO7u4hX3pWft6kWBBcqh0UA==",
			"requires": {
				"brace-expansion": "^1.1.7"
			}
		},
		"minipass": {
			"version": "3.1.3",
			"resolved": "https://registry.npmjs.org/minipass/-/minipass-3.1.3.tgz",
			"integrity": "sha512-Mgd2GdMVzY+x3IJ+oHnVM+KG3lA5c8tnabyJKmHSaG2kAGpudxuOf8ToDkhumF7UzME7DecbQE9uOZhNm7PuJg==",
			"requires": {
				"yallist": "^4.0.0"
			}
		},
		"minipass-collect": {
			"version": "1.0.2",
			"resolved": "https://registry.npmjs.org/minipass-collect/-/minipass-collect-1.0.2.tgz",
			"integrity": "sha512-6T6lH0H8OG9kITm/Jm6tdooIbogG9e0tLgpY6mphXSm/A9u8Nq1ryBG+Qspiub9LjWlBPsPS3tWQ/Botq4FdxA==",
			"requires": {
				"minipass": "^3.0.0"
			}
		},
		"minipass-flush": {
			"version": "1.0.5",
			"resolved": "https://registry.npmjs.org/minipass-flush/-/minipass-flush-1.0.5.tgz",
			"integrity": "sha512-JmQSYYpPUqX5Jyn1mXaRwOda1uQ8HP5KAT/oDSLCzt1BYRhQU0/hDtsB1ufZfEEzMZ9aAVmsBw8+FWsIXlClWw==",
			"requires": {
				"minipass": "^3.0.0"
			}
		},
		"minipass-pipeline": {
			"version": "1.2.4",
			"resolved": "https://registry.npmjs.org/minipass-pipeline/-/minipass-pipeline-1.2.4.tgz",
			"integrity": "sha512-xuIq7cIOt09RPRJ19gdi4b+RiNvDFYe5JH+ggNvBqGqpQXcru3PcRmOZuHBKWK1Txf9+cQ+HMVN4d6z46LZP7A==",
			"requires": {
				"minipass": "^3.0.0"
			}
		},
		"mkdirp": {
			"version": "1.0.4",
			"resolved": "https://registry.npmjs.org/mkdirp/-/mkdirp-1.0.4.tgz",
			"integrity": "sha512-vVqVZQyf3WLx2Shd0qJ9xuvqgAyKPLAiqITEtqW0oIUjzo3PePDd6fW9iFz30ef7Ysp/oiWqbhszeGWW2T6Gzw=="
		},
		"neo-async": {
			"version": "2.6.2",
			"resolved": "https://registry.npmjs.org/neo-async/-/neo-async-2.6.2.tgz",
			"integrity": "sha512-Yd3UES5mWCSqR+qNT93S3UoYUkqAZ9lLg8a7g9rimsWmYGK8cVToA4/sF3RrshdyV3sAGMXVUmpMYOw+dLpOuw=="
		},
		"once": {
			"version": "1.4.0",
			"resolved": "https://registry.npmjs.org/once/-/once-1.4.0.tgz",
			"integrity": "sha1-WDsap3WWHUsROsF9nFC6753Xa9E=",
			"requires": {
				"wrappy": "1"
			}
		},
		"p-limit": {
			"version": "2.3.0",
			"resolved": "https://registry.npmjs.org/p-limit/-/p-limit-2.3.0.tgz",
			"integrity": "sha512-//88mFWSJx8lxCzwdAABTJL2MyWB12+eIY7MDL2SqLmAkeKU9qxRvWuSyTjm3FUmpBEMuFfckAIqEaVGUDxb6w==",
			"requires": {
				"p-try": "^2.0.0"
			}
		},
		"p-locate": {
			"version": "4.1.0",
			"resolved": "https://registry.npmjs.org/p-locate/-/p-locate-4.1.0.tgz",
			"integrity": "sha512-R79ZZ/0wAxKGu3oYMlz8jy/kbhsNrS7SKZ7PxEHBgJ5+F2mtFW2fK2cOtBh1cHYkQsbzFV7I+EoRKe6Yt0oK7A==",
			"requires": {
				"p-limit": "^2.2.0"
			}
		},
		"p-map": {
			"version": "4.0.0",
			"resolved": "https://registry.npmjs.org/p-map/-/p-map-4.0.0.tgz",
			"integrity": "sha512-/bjOqmgETBYB5BoEeGVea8dmvHb2m9GLy1E9W43yeyfP6QQCZGFNa+XRceJEuDB6zqr+gKpIAmlLebMpykw/MQ==",
			"requires": {
				"aggregate-error": "^3.0.0"
			}
		},
		"p-try": {
			"version": "2.2.0",
			"resolved": "https://registry.npmjs.org/p-try/-/p-try-2.2.0.tgz",
			"integrity": "sha512-R4nPAVTAU0B9D35/Gk3uJf/7XYbQcyohSKdvAxIRSNghFl4e71hVoGnBNQz9cWaXxO2I10KTC+3jMdvvoKw6dQ=="
		},
		"path-exists": {
			"version": "4.0.0",
			"resolved": "https://registry.npmjs.org/path-exists/-/path-exists-4.0.0.tgz",
			"integrity": "sha512-ak9Qy5Q7jYb2Wwcey5Fpvg2KoAc/ZIhLSLOSBmRmygPsGwkVVt0fZa0qrtMz+m6tJTAHfZQ8FnmB4MG4LWy7/w=="
		},
		"path-is-absolute": {
			"version": "1.0.1",
			"resolved": "https://registry.npmjs.org/path-is-absolute/-/path-is-absolute-1.0.1.tgz",
			"integrity": "sha1-F0uSaHNVNP+8es5r9TpanhtcX18="
		},
		"pkg-dir": {
			"version": "4.2.0",
			"resolved": "https://registry.npmjs.org/pkg-dir/-/pkg-dir-4.2.0.tgz",
			"integrity": "sha512-HRDzbaKjC+AOWVXxAU/x54COGeIv9eb+6CkDSQoNTt4XyWoIJvuPsXizxu/Fr23EiekbtZwmh1IcIG/l/a10GQ==",
			"requires": {
				"find-up": "^4.0.0"
			}
		},
		"promise-inflight": {
			"version": "1.0.1",
			"resolved": "https://registry.npmjs.org/promise-inflight/-/promise-inflight-1.0.1.tgz",
			"integrity": "sha1-mEcocL8igTL8vdhoEputEsPAKeM="
		},
		"punycode": {
			"version": "2.1.1",
			"resolved": "https://registry.npmjs.org/punycode/-/punycode-2.1.1.tgz",
			"integrity": "sha512-XRsRjdf+j5ml+y/6GKHPZbrF/8p2Yga0JPtdqTIY2Xe5ohJPD9saDJJLPvp9+NSBprVvevdXZybnj2cv8OEd0A=="
		},
		"randombytes": {
			"version": "2.1.0",
			"resolved": "https://registry.npmjs.org/randombytes/-/randombytes-2.1.0.tgz",
			"integrity": "sha512-vYl3iOX+4CKUWuxGi9Ukhie6fsqXqS9FE2Zaic4tNFD2N2QQaXOMFbuKK4QmDHC0JO6B1Zp41J0LpT0oR68amQ==",
			"requires": {
				"safe-buffer": "^5.1.0"
			}
		},
		"rimraf": {
			"version": "3.0.2",
			"resolved": "https://registry.npmjs.org/rimraf/-/rimraf-3.0.2.tgz",
			"integrity": "sha512-JZkJMZkAGFFPP2YqXZXPbMlMBgsxzE8ILs4lMIX/2o0L9UBw9O/Y3o6wFw/i9YLapcUJWwqbi3kdxIPdC62TIA==",
			"requires": {
				"glob": "^7.1.3"
			}
		},
		"rxjs": {
			"version": "7.0.0-beta.3",
			"resolved": "https://registry.npmjs.org/rxjs/-/rxjs-7.0.0-beta.3.tgz",
			"integrity": "sha512-5feywCp6NR1G7IIOC3jevAr8pr9Gi4Zv3n+mexTHpzPiXa89A1I1g69xdjnQABw+tx5n75GG85LyRi9Ex/Xkdw==",
			"requires": {
				"tslib": "^1.9.0"
			}
		},
		"safe-buffer": {
			"version": "5.2.1",
			"resolved": "https://registry.npmjs.org/safe-buffer/-/safe-buffer-5.2.1.tgz",
			"integrity": "sha512-rp3So07KcdmmKbGvgaNxQSJr7bGVSVk5S9Eq1F+ppbRo70+YeaDxkw5Dd8NPN+GD6bjnYm2VuPuCXmpuYvmCXQ=="
		},
		"schema-utils": {
			"version": "2.7.0",
			"resolved": "https://registry.npmjs.org/schema-utils/-/schema-utils-2.7.0.tgz",
			"integrity": "sha512-0ilKFI6QQF5nxDZLFn2dMjvc4hjg/Wkg7rHd3jK6/A4a1Hl9VFdQWvgB1UMGoU94pad1P/8N7fMcEnLnSiju8A==",
			"requires": {
				"@types/json-schema": "^7.0.4",
				"ajv": "^6.12.2",
				"ajv-keywords": "^3.4.1"
			}
		},
		"semver": {
			"version": "6.3.0",
			"resolved": "https://registry.npmjs.org/semver/-/semver-6.3.0.tgz",
			"integrity": "sha512-b39TBaTSfV6yBrapU89p5fKekE2m/NwnDocOVruQFS1/veMgdzuPcnOM34M6CwxW8jH/lxEa5rBoDeUwu5HHTw=="
		},
		"serialize-javascript": {
			"version": "4.0.0",
			"resolved": "https://registry.npmjs.org/serialize-javascript/-/serialize-javascript-4.0.0.tgz",
			"integrity": "sha512-GaNA54380uFefWghODBWEGisLZFj00nS5ACs6yHa9nLqlLpVLO8ChDGeKRjZnV4Nh4n0Qi7nhYZD/9fCPzEqkw==",
			"requires": {
				"randombytes": "^2.1.0"
			}
		},
		"source-list-map": {
			"version": "2.0.1",
			"resolved": "https://registry.npmjs.org/source-list-map/-/source-list-map-2.0.1.tgz",
			"integrity": "sha512-qnQ7gVMxGNxsiL4lEuJwe/To8UnK7fAnmbGEEH8RpLouuKbeEm0lhbQVFIrNSuB+G7tVrAlVsZgETT5nljf+Iw=="
		},
		"source-map": {
			"version": "0.6.1",
			"resolved": "https://registry.npmjs.org/source-map/-/source-map-0.6.1.tgz",
			"integrity": "sha512-UjgapumWlbMhkBgzT7Ykc5YXUT46F0iKu8SGXq0bcwP5dz/h0Plj6enJqjz1Zbq2l5WaqYnrVbwWOWMyF3F47g=="
		},
		"source-map-support": {
			"version": "0.5.19",
			"resolved": "https://registry.npmjs.org/source-map-support/-/source-map-support-0.5.19.tgz",
			"integrity": "sha512-Wonm7zOCIJzBGQdB+thsPar0kYuCIzYvxZwlBa87yi/Mdjv7Tip2cyVbLj5o0cFPN4EVkuTwb3GDDyUx2DGnGw==",
			"requires": {
				"buffer-from": "^1.0.0",
				"source-map": "^0.6.0"
			}
		},
		"ssri": {
			"version": "8.0.0",
			"resolved": "https://registry.npmjs.org/ssri/-/ssri-8.0.0.tgz",
			"integrity": "sha512-aq/pz989nxVYwn16Tsbj1TqFpD5LLrQxHf5zaHuieFV+R0Bbr4y8qUsOA45hXT/N4/9UNXTarBjnjVmjSOVaAA==",
			"requires": {
				"minipass": "^3.1.1"
			}
		},
		"supports-color": {
			"version": "7.1.0",
			"resolved": "https://registry.npmjs.org/supports-color/-/supports-color-7.1.0.tgz",
			"integrity": "sha512-oRSIpR8pxT1Wr2FquTNnGet79b3BWljqOuoW/h4oBhxJ/HUbX5nX6JSruTkvXDCFMwDPvsaTTbvMLKZWSy0R5g==",
			"requires": {
				"has-flag": "^4.0.0"
			}
		},
		"tapable": {
			"version": "2.0.0-beta.11",
			"resolved": "https://registry.npmjs.org/tapable/-/tapable-2.0.0-beta.11.tgz",
			"integrity": "sha512-cAhRzCvMdyJsxmdrSXG8/SUlJG4WJUxD/csuYAybUFjKVt74Y6pTyZ/I1ZK+enmCkWZN0JWxh14G69temaGSiA=="
		},
		"tar": {
			"version": "6.1.4",
			"resolved": "https://registry.npmjs.org/tar/-/tar-6.1.4.tgz",
			"integrity": "sha512-kcPWrO8S5ABjuZ/v1xQHP8xCEvj1dQ1d9iAb6Qs4jLYzaAIYWwST2IQpz7Ud8VNYRI+fGhFjrnzRKmRggKWg3g==",
			"requires": {
				"chownr": "^2.0.0",
				"fs-minipass": "^2.0.0",
				"minipass": "^3.0.0",
				"minizlib": "^2.1.1",
				"mkdirp": "^1.0.3",
				"yallist": "^4.0.0"
			},
			"dependencies": {
				"minizlib": {
					"version": "2.1.2",
					"resolved": "https://registry.npmjs.org/minizlib/-/minizlib-2.1.2.tgz",
					"integrity": "sha512-bAxsR8BVfj60DWXHE3u30oHzfl4G7khkSuPW+qvpd7jFRHm7dLxOjUk1EHACJ/hxLY8phGJ0YhYHZo7jil7Qdg==",
					"requires": {
						"minipass": "^3.0.0",
						"yallist": "^4.0.0"
					}
				}
			}
		},
		"terser": {
			"version": "4.8.0",
			"resolved": "https://registry.npmjs.org/terser/-/terser-4.8.0.tgz",
			"integrity": "sha512-EAPipTNeWsb/3wLPeup1tVPaXfIaU68xMnVdPafIL1TV05OhASArYyIfFvnvJCNrR2NIOvDVNNTFRa+Re2MWyw==",
			"requires": {
				"commander": "^2.20.0",
				"source-map": "~0.6.1",
				"source-map-support": "~0.5.12"
			}
		},
		"terser-webpack-plugin": {
			"version": "3.0.8",
			"resolved": "https://registry.npmjs.org/terser-webpack-plugin/-/terser-webpack-plugin-3.0.8.tgz",
			"integrity": "sha512-ygwK8TYMRTYtSyLB2Mhnt90guQh989CIq/mL/2apwi6rA15Xys4ydNUiH4ah6EZCfQxSk26ZFQilZ4IQ6IZw6A==",
			"requires": {
				"cacache": "^15.0.5",
				"find-cache-dir": "^3.3.1",
				"jest-worker": "^26.1.0",
				"p-limit": "^3.0.2",
				"schema-utils": "^2.6.6",
				"serialize-javascript": "^4.0.0",
				"source-map": "^0.6.1",
				"terser": "^4.8.0",
				"webpack-sources": "^1.4.3"
			},
			"dependencies": {
				"p-limit": {
					"version": "3.0.2",
					"resolved": "https://registry.npmjs.org/p-limit/-/p-limit-3.0.2.tgz",
					"integrity": "sha512-iwqZSOoWIW+Ew4kAGUlN16J4M7OB3ysMLSZtnhmqx7njIHFPlxWBX8xo3lVTyFVq6mI/lL9qt2IsN1sHwaxJkg==",
					"requires": {
						"p-try": "^2.0.0"
					}
				},
				"webpack-sources": {
					"version": "1.4.3",
					"resolved": "https://registry.npmjs.org/webpack-sources/-/webpack-sources-1.4.3.tgz",
					"integrity": "sha512-lgTS3Xhv1lCOKo7SA5TjKXMjpSM4sBjNV5+q2bqesbSPs5FjGmU6jjtBSkX9b4qW87vDIsCIlUPOEhbZrMdjeQ==",
					"requires": {
						"source-list-map": "^2.0.0",
						"source-map": "~0.6.1"
					}
				}
			}
		},
		"tslib": {
			"version": "1.13.0",
			"resolved": "https://registry.npmjs.org/tslib/-/tslib-1.13.0.tgz",
			"integrity": "sha512-i/6DQjL8Xf3be4K/E6Wgpekn5Qasl1usyw++dAA35Ue5orEn65VIxOA+YvNNl9HV3qv70T7CNwjODHZrLwvd1Q=="
		},
		"unique-filename": {
			"version": "1.1.1",
			"resolved": "https://registry.npmjs.org/unique-filename/-/unique-filename-1.1.1.tgz",
			"integrity": "sha512-Vmp0jIp2ln35UTXuryvjzkjGdRyf9b2lTXuSYUiPmzRcl3FDtYqAwOnTJkAngD9SWhnoJzDbTKwaOrZ+STtxNQ==",
			"requires": {
				"unique-slug": "^2.0.0"
			}
		},
		"unique-slug": {
			"version": "2.0.2",
			"resolved": "https://registry.npmjs.org/unique-slug/-/unique-slug-2.0.2.tgz",
			"integrity": "sha512-zoWr9ObaxALD3DOPfjPSqxt4fnZiWblxHIgeWqW8x7UqDzEtHEQLzji2cuJYQFCU6KmoJikOYAZlrTHHebjx2w==",
			"requires": {
				"imurmurhash": "^0.1.4"
			}
		},
		"uri-js": {
			"version": "4.2.2",
			"resolved": "https://registry.npmjs.org/uri-js/-/uri-js-4.2.2.tgz",
			"integrity": "sha512-KY9Frmirql91X2Qgjry0Wd4Y+YTdrdZheS8TFwvkbLWf/G5KNJDCh6pKL5OZctEW4+0Baa5idK2ZQuELRwPznQ==",
			"requires": {
				"punycode": "^2.1.0"
			}
		},
		"useless-lib": {
			"version": "1.1.0",
			"resolved": "https://registry.npmjs.org/useless-lib/-/useless-lib-1.1.0.tgz",
			"integrity": "sha512-94tODs+7tQKHO9+59iR+0UdfVMZ93mlUjrR+wosNzRUcA/WMqN9kOfdQub9627CzGFpwBhUfNsCCw9fFkBS1Qg=="
		},
		"watchpack": {
			"version": "2.0.0-beta.13",
			"resolved": "https://registry.npmjs.org/watchpack/-/watchpack-2.0.0-beta.13.tgz",
			"integrity": "sha512-ZEFq2mx/k5qgQwgi6NOm+2ImICb8ngAkA/rZ6oyXZ7SgPn3pncf+nfhYTCrs3lmHwOxnPtGLTOuFLfpSMh1VMA==",
			"requires": {
				"glob-to-regexp": "^0.4.1",
				"graceful-fs": "^4.1.2"
			}
		},
		"webpack": {
			"version": "5.0.0-beta.22",
			"resolved": "https://registry.npmjs.org/webpack/-/webpack-5.0.0-beta.22.tgz",
			"integrity": "sha512-t3HnQPy88PASM2ur0rvUXau8vAz287BlH8DpiaHoWkjlLThLx7olzExtTsVJEFen/9uTfWOV21dWS8kiYmGLkA==",
			"requires": {
				"@types/estree": "^0.0.45",
				"@webassemblyjs/ast": "1.9.0",
				"@webassemblyjs/helper-module-context": "1.9.0",
				"@webassemblyjs/wasm-edit": "1.9.0",
				"@webassemblyjs/wasm-parser": "1.9.0",
				"acorn": "^7.3.0",
				"chrome-trace-event": "^1.0.2",
				"enhanced-resolve": "5.0.0-beta.8",
				"eslint-scope": "^5.0.0",
				"events": "^3.0.0",
				"glob-to-regexp": "^0.4.1",
				"graceful-fs": "^4.1.15",
				"json-parse-better-errors": "^1.0.2",
				"loader-runner": "^4.0.0",
				"mime-types": "^2.1.26",
				"neo-async": "^2.6.1",
				"pkg-dir": "^4.2.0",
				"schema-utils": "^2.5.0",
				"tapable": "^2.0.0-beta.10",
				"terser-webpack-plugin": "^3.0.2",
				"watchpack": "2.0.0-beta.13",
				"webpack-sources": "2.0.0-beta.8"
			}
		},
		"webpack-sources": {
			"version": "2.0.0-beta.8",
			"resolved": "https://registry.npmjs.org/webpack-sources/-/webpack-sources-2.0.0-beta.8.tgz",
			"integrity": "sha512-RUaCJu7HYNeuzlY4WYcArcnOzMIj7kHndQ4pBdgP3iiMpG3Ke0BWY5wvb/VEFgsIXp3ZzPGRECwX+4fgpcKFYw==",
			"requires": {
				"source-list-map": "^2.0.1",
				"source-map": "~0.6.1"
			}
		},
		"wrappy": {
			"version": "1.0.2",
			"resolved": "https://registry.npmjs.org/wrappy/-/wrappy-1.0.2.tgz",
			"integrity": "sha1-tSQ9jz7BqjXxNkYFvA0QNuMKtp8="
		},
		"yallist": {
			"version": "4.0.0",
			"resolved": "https://registry.npmjs.org/yallist/-/yallist-4.0.0.tgz",
			"integrity": "sha512-3wdGidZyq5PB084XLES5TpOSRA3wjXAlIWMhum2kRcv/41Sn2emQ0dycQW4uZXLejwKvg6EsvbdlVL+FYEct7A=="
		}
	}
}
