{
	"name": "shell",
	"version": "1.0.0",
	"lockfileVersion": 1,
	"requires": true,
	"dependencies": {
		"rxjs": {
			"version": "7.0.0-beta.3",
			"resolved": "https://registry.npmjs.org/rxjs/-/rxjs-7.0.0-beta.3.tgz",
			"integrity": "sha512-5feywCp6NR1G7IIOC3jevAr8pr9Gi4Zv3n+mexTHpzPiXa89A1I1g69xdjnQABw+tx5n75GG85LyRi9Ex/Xkdw==",
			"requires": {
				"tslib": "^1.9.0"
			}
		},
		"tslib": {
			"version": "1.13.0",
			"resolved": "https://registry.npmjs.org/tslib/-/tslib-1.13.0.tgz",
			"integrity": "sha512-i/6DQjL8Xf3be4K/E6Wgpekn5Qasl1usyw++dAA35Ue5orEn65VIxOA+YvNNl9HV3qv70T7CNwjODHZrLwvd1Q=="
		}
	}
}
